github.com/WinChua/testmod v1.0.1 h1:fH2AbEsk8OvQLoc1t25F6UTLUP7Ip5jqnf3oDll2R6U=
github.com/WinChua/testmod v1.0.1/go.mod h1:EFtnxZ31xngjARZ++yULCSItt53wHjoVRbVlpfK6fxc=
github.com/WinChua/testmod v1.0.3 h1:CgXe3kiYOQGf7AYDgX9TrAP7sYoiHlVFRk6FKVWI7DI=
github.com/WinChua/testmod v1.0.3/go.mod h1:EFtnxZ31xngjARZ++yULCSItt53wHjoVRbVlpfK6fxc=
